
Microsoft Visual Studio Solution File, Format Version 12.00
# Visual Studio Version 16
VisualStudioVersion = 16.0.29509.3
MinimumVisualStudioVersion = 10.0.40219.1
Project("{FAE04EC0-301F-11D3-BF4B-00C04F79EFBC}") = "identityServerTest", "identityServerTest\identityServerTest.csproj", "{B2497DBE-4501-4E57-B5E4-BEDBD19BC245}"
EndProject
Project("{FAE04EC0-301F-11D3-BF4B-00C04F79EFBC}") = "API-test", "API-test\API-test.csproj", "{DFEB2AC0-C7CA-41BB-94F7-CD3CE7F363E8}"
EndProject
Project("{FAE04EC0-301F-11D3-BF4B-00C04F79EFBC}") = "ConsoleApp1", "ConsoleApp1\ConsoleApp1.csproj", "{F4B809D7-DEF5-45B9-91A4-843307121811}"
EndProject
Global
	GlobalSection(SolutionConfigurationPlatforms) = preSolution
		Debug|Any CPU = Debug|Any CPU
		Release|Any CPU = Release|Any CPU
	EndGlobalSection
	GlobalSection(ProjectConfigurationPlatforms) = postSolution
		{B2497DBE-4501-4E57-B5E4-BEDBD19BC245}.Debug|Any CPU.ActiveCfg = Debug|Any CPU
		{B2497DBE-4501-4E57-B5E4-BEDBD19BC245}.Debug|Any CPU.Build.0 = Debug|Any CPU
		{B2497DBE-4501-4E57-B5E4-BEDBD19BC245}.Release|Any CPU.ActiveCfg = Release|Any CPU
		{B2497DBE-4501-4E57-B5E4-BEDBD19BC245}.Release|Any CPU.Build.0 = Release|Any CPU
		{DFEB2AC0-C7CA-41BB-94F7-CD3CE7F363E8}.Debug|Any CPU.ActiveCfg = Debug|Any CPU
		{DFEB2AC0-C7CA-41BB-94F7-CD3CE7F363E8}.Debug|Any CPU.Build.0 = Debug|Any CPU
		{DFEB2AC0-C7CA-41BB-94F7-CD3CE7F363E8}.Release|Any CPU.ActiveCfg = Release|Any CPU
		{DFEB2AC0-C7CA-41BB-94F7-CD3CE7F363E8}.Release|Any CPU.Build.0 = Release|Any CPU
		{F4B809D7-DEF5-45B9-91A4-843307121811}.Debug|Any CPU.ActiveCfg = Debug|Any CPU
		{F4B809D7-DEF5-45B9-91A4-843307121811}.Debug|Any CPU.Build.0 = Debug|Any CPU
		{F4B809D7-DEF5-45B9-91A4-843307121811}.Release|Any CPU.ActiveCfg = Release|Any CPU
		{F4B809D7-DEF5-45B9-91A4-843307121811}.Release|Any CPU.Build.0 = Release|Any CPU
	EndGlobalSection
	GlobalSection(SolutionProperties) = preSolution
		HideSolutionNode = FALSE
	EndGlobalSection
	GlobalSection(ExtensibilityGlobals) = postSolution
		SolutionGuid = {BBCB9CD1-EA8B-4C04-9886-EAF2663AA60F}
	EndGlobalSection
EndGlobal
